
Microsoft Visual Studio Solution File, Format Version 12.00
# Visual Studio Version 17
VisualStudioVersion = 17.2.32602.215
MinimumVisualStudioVersion = 10.0.40219.1
Project("{FAE04EC0-301F-11D3-BF4B-00C04F79EFBC}") = "ManagingGlobalEnterprise", "ManagingGlobalEnterprise\ManagingGlobalEnterprise.csproj", "{BDC8AD20-CC63-483E-A96D-06F32932DF6B}"
EndProject
Global
	GlobalSection(SolutionConfigurationPlatforms) = preSolution
		Debug|Any CPU = Debug|Any CPU
		Release|Any CPU = Release|Any CPU
	EndGlobalSection
	GlobalSection(ProjectConfigurationPlatforms) = postSolution
		{BDC8AD20-CC63-483E-A96D-06F32932DF6B}.Debug|Any CPU.ActiveCfg = Debug|Any CPU
		{BDC8AD20-CC63-483E-A96D-06F32932DF6B}.Debug|Any CPU.Build.0 = Debug|Any CPU
		{BDC8AD20-CC63-483E-A96D-06F32932DF6B}.Release|Any CPU.ActiveCfg = Release|Any CPU
		{BDC8AD20-CC63-483E-A96D-06F32932DF6B}.Release|Any CPU.Build.0 = Release|Any CPU
	EndGlobalSection
	GlobalSection(SolutionProperties) = preSolution
		HideSolutionNode = FALSE
	EndGlobalSection
	GlobalSection(ExtensibilityGlobals) = postSolution
		SolutionGuid = {540F8117-41F7-4D07-BEDF-5471ECC5CEDE}
	EndGlobalSection
EndGlobal
